
Microsoft Visual Studio Solution File, Format Version 12.00
# Visual Studio Version 17
VisualStudioVersion = 17.11.35222.181
MinimumVisualStudioVersion = 10.0.40219.1
Project("{FAE04EC0-301F-11D3-BF4B-00C04F79EFBC}") = "whois", "whois.csproj", "{7DC4C2A9-97C5-4697-BB7E-10C892F901F9}"
EndProject
Global
	GlobalSection(SolutionConfigurationPlatforms) = preSolution
		Debug|Any CPU = Debug|Any CPU
		Release|Any CPU = Release|Any CPU
	EndGlobalSection
	GlobalSection(ProjectConfigurationPlatforms) = postSolution
		{7DC4C2A9-97C5-4697-BB7E-10C892F901F9}.Debug|Any CPU.ActiveCfg = Debug|Any CPU
		{7DC4C2A9-97C5-4697-BB7E-10C892F901F9}.Debug|Any CPU.Build.0 = Debug|Any CPU
		{7DC4C2A9-97C5-4697-BB7E-10C892F901F9}.Release|Any CPU.ActiveCfg = Release|Any CPU
		{7DC4C2A9-97C5-4697-BB7E-10C892F901F9}.Release|Any CPU.Build.0 = Release|Any CPU
	EndGlobalSection
	GlobalSection(SolutionProperties) = preSolution
		HideSolutionNode = FALSE
	EndGlobalSection
	GlobalSection(ExtensibilityGlobals) = postSolution
		SolutionGuid = {6D074059-6BAA-438A-8474-F0CD40D49F12}
	EndGlobalSection
EndGlobal
